
Microsoft Visual Studio Solution File, Format Version 12.00
# Visual Studio Version 16
VisualStudioVersion = 16.0.29613.14
MinimumVisualStudioVersion = 10.0.40219.1
Project("{2150E333-8FDC-42A3-9474-1A3956D46DE8}") = "examples", "examples", "{65E02C5F-4C5C-4444-AC3C-63CBBE76C4B5}"
EndProject
Project("{2150E333-8FDC-42A3-9474-1A3956D46DE8}") = "src", "src", "{8E8E8DD9-0547-4E5E-AC68-F84FACE8C492}"
EndProject
Project("{9A19103F-16F7-4668-BE54-9A1E7A4F7556}") = "NcnnDotNet", "src\NCNNDotNet\NcnnDotNet.csproj", "{6E3D0A4F-B08E-4BD1-8BCD-085F1D594F43}"
EndProject
Project("{9A19103F-16F7-4668-BE54-9A1E7A4F7556}") = "SqueezeNet", "examples\SqueezeNet\SqueezeNet.csproj", "{BAE42720-E205-463E-A635-FAB44FFD367F}"
EndProject
Project("{9A19103F-16F7-4668-BE54-9A1E7A4F7556}") = "YoloV3", "examples\YoloV3\YoloV3.csproj", "{3A07F9A8-6401-4D60-ABE5-BC5906156694}"
EndProject
Project("{9A19103F-16F7-4668-BE54-9A1E7A4F7556}") = "YoloV2", "examples\YoloV2\YoloV2.csproj", "{EE342E83-027B-4676-97C7-1830D4F48688}"
EndProject
Project("{9A19103F-16F7-4668-BE54-9A1E7A4F7556}") = "SqueezeNetSSD", "examples\SqueezeNetSSD\SqueezeNetSSD.csproj", "{0F3A0C94-9858-43DF-A295-ED388786B172}"
EndProject
Project("{9A19103F-16F7-4668-BE54-9A1E7A4F7556}") = "MobileNetSSD", "examples\MobileNetSSD\MobileNetSSD.csproj", "{5B482AC6-EA89-4D56-9822-ABC0AC480799}"
EndProject
Project("{9A19103F-16F7-4668-BE54-9A1E7A4F7556}") = "MobileNetV2SSDLite", "examples\MobileNetV2SSDLite\MobileNetV2SSDLite.csproj", "{D0646ED3-95A2-4434-A135-A63CF5BF117E}"
EndProject
Project("{9A19103F-16F7-4668-BE54-9A1E7A4F7556}") = "MobileNetV3SSDLite", "examples\MobileNetV3SSDLite\MobileNetV3SSDLite.csproj", "{0307BB5E-363E-4655-95D2-0C8AEDE0AF56}"
EndProject
Project("{9A19103F-16F7-4668-BE54-9A1E7A4F7556}") = "FasterRCNN", "examples\FasterRCNN\FasterRCNN.csproj", "{56B863D8-3352-4BE6-93E8-8036971EFACF}"
EndProject
Global
	GlobalSection(SolutionConfigurationPlatforms) = preSolution
		Debug|Any CPU = Debug|Any CPU
		Release|Any CPU = Release|Any CPU
	EndGlobalSection
	GlobalSection(ProjectConfigurationPlatforms) = postSolution
		{6E3D0A4F-B08E-4BD1-8BCD-085F1D594F43}.Debug|Any CPU.ActiveCfg = Debug|Any CPU
		{6E3D0A4F-B08E-4BD1-8BCD-085F1D594F43}.Debug|Any CPU.Build.0 = Debug|Any CPU
		{6E3D0A4F-B08E-4BD1-8BCD-085F1D594F43}.Release|Any CPU.ActiveCfg = Release|Any CPU
		{6E3D0A4F-B08E-4BD1-8BCD-085F1D594F43}.Release|Any CPU.Build.0 = Release|Any CPU
		{BAE42720-E205-463E-A635-FAB44FFD367F}.Debug|Any CPU.ActiveCfg = Debug|Any CPU
		{BAE42720-E205-463E-A635-FAB44FFD367F}.Debug|Any CPU.Build.0 = Debug|Any CPU
		{BAE42720-E205-463E-A635-FAB44FFD367F}.Release|Any CPU.ActiveCfg = Release|Any CPU
		{BAE42720-E205-463E-A635-FAB44FFD367F}.Release|Any CPU.Build.0 = Release|Any CPU
		{3A07F9A8-6401-4D60-ABE5-BC5906156694}.Debug|Any CPU.ActiveCfg = Debug|Any CPU
		{3A07F9A8-6401-4D60-ABE5-BC5906156694}.Debug|Any CPU.Build.0 = Debug|Any CPU
		{3A07F9A8-6401-4D60-ABE5-BC5906156694}.Release|Any CPU.ActiveCfg = Release|Any CPU
		{3A07F9A8-6401-4D60-ABE5-BC5906156694}.Release|Any CPU.Build.0 = Release|Any CPU
		{EE342E83-027B-4676-97C7-1830D4F48688}.Debug|Any CPU.ActiveCfg = Debug|Any CPU
		{EE342E83-027B-4676-97C7-1830D4F48688}.Debug|Any CPU.Build.0 = Debug|Any CPU
		{EE342E83-027B-4676-97C7-1830D4F48688}.Release|Any CPU.ActiveCfg = Release|Any CPU
		{EE342E83-027B-4676-97C7-1830D4F48688}.Release|Any CPU.Build.0 = Release|Any CPU
		{0F3A0C94-9858-43DF-A295-ED388786B172}.Debug|Any CPU.ActiveCfg = Debug|Any CPU
		{0F3A0C94-9858-43DF-A295-ED388786B172}.Debug|Any CPU.Build.0 = Debug|Any CPU
		{0F3A0C94-9858-43DF-A295-ED388786B172}.Release|Any CPU.ActiveCfg = Release|Any CPU
		{0F3A0C94-9858-43DF-A295-ED388786B172}.Release|Any CPU.Build.0 = Release|Any CPU
		{5B482AC6-EA89-4D56-9822-ABC0AC480799}.Debug|Any CPU.ActiveCfg = Debug|Any CPU
		{5B482AC6-EA89-4D56-9822-ABC0AC480799}.Debug|Any CPU.Build.0 = Debug|Any CPU
		{5B482AC6-EA89-4D56-9822-ABC0AC480799}.Release|Any CPU.ActiveCfg = Release|Any CPU
		{5B482AC6-EA89-4D56-9822-ABC0AC480799}.Release|Any CPU.Build.0 = Release|Any CPU
		{D0646ED3-95A2-4434-A135-A63CF5BF117E}.Debug|Any CPU.ActiveCfg = Debug|Any CPU
		{D0646ED3-95A2-4434-A135-A63CF5BF117E}.Debug|Any CPU.Build.0 = Debug|Any CPU
		{D0646ED3-95A2-4434-A135-A63CF5BF117E}.Release|Any CPU.ActiveCfg = Release|Any CPU
		{D0646ED3-95A2-4434-A135-A63CF5BF117E}.Release|Any CPU.Build.0 = Release|Any CPU
		{0307BB5E-363E-4655-95D2-0C8AEDE0AF56}.Debug|Any CPU.ActiveCfg = Debug|Any CPU
		{0307BB5E-363E-4655-95D2-0C8AEDE0AF56}.Debug|Any CPU.Build.0 = Debug|Any CPU
		{0307BB5E-363E-4655-95D2-0C8AEDE0AF56}.Release|Any CPU.ActiveCfg = Release|Any CPU
		{0307BB5E-363E-4655-95D2-0C8AEDE0AF56}.Release|Any CPU.Build.0 = Release|Any CPU
		{56B863D8-3352-4BE6-93E8-8036971EFACF}.Debug|Any CPU.ActiveCfg = Debug|Any CPU
		{56B863D8-3352-4BE6-93E8-8036971EFACF}.Debug|Any CPU.Build.0 = Debug|Any CPU
		{56B863D8-3352-4BE6-93E8-8036971EFACF}.Release|Any CPU.ActiveCfg = Release|Any CPU
		{56B863D8-3352-4BE6-93E8-8036971EFACF}.Release|Any CPU.Build.0 = Release|Any CPU
	EndGlobalSection
	GlobalSection(SolutionProperties) = preSolution
		HideSolutionNode = FALSE
	EndGlobalSection
	GlobalSection(NestedProjects) = preSolution
		{6E3D0A4F-B08E-4BD1-8BCD-085F1D594F43} = {8E8E8DD9-0547-4E5E-AC68-F84FACE8C492}
		{BAE42720-E205-463E-A635-FAB44FFD367F} = {65E02C5F-4C5C-4444-AC3C-63CBBE76C4B5}
		{3A07F9A8-6401-4D60-ABE5-BC5906156694} = {65E02C5F-4C5C-4444-AC3C-63CBBE76C4B5}
		{EE342E83-027B-4676-97C7-1830D4F48688} = {65E02C5F-4C5C-4444-AC3C-63CBBE76C4B5}
		{0F3A0C94-9858-43DF-A295-ED388786B172} = {65E02C5F-4C5C-4444-AC3C-63CBBE76C4B5}
		{5B482AC6-EA89-4D56-9822-ABC0AC480799} = {65E02C5F-4C5C-4444-AC3C-63CBBE76C4B5}
		{D0646ED3-95A2-4434-A135-A63CF5BF117E} = {65E02C5F-4C5C-4444-AC3C-63CBBE76C4B5}
		{0307BB5E-363E-4655-95D2-0C8AEDE0AF56} = {65E02C5F-4C5C-4444-AC3C-63CBBE76C4B5}
		{56B863D8-3352-4BE6-93E8-8036971EFACF} = {65E02C5F-4C5C-4444-AC3C-63CBBE76C4B5}
	EndGlobalSection
	GlobalSection(ExtensibilityGlobals) = postSolution
		SolutionGuid = {C7789377-10BC-434A-87CC-8001AE7F93C6}
	EndGlobalSection
EndGlobal
