
Microsoft Visual Studio Solution File, Format Version 12.00
# Visual Studio Version 16
VisualStudioVersion = 16.0.29613.14
MinimumVisualStudioVersion = 10.0.40219.1
Project("{2150E333-8FDC-42A3-9474-1A3956D46DE8}") = "examples", "examples", "{65E02C5F-4C5C-4444-AC3C-63CBBE76C4B5}"
EndProject
Project("{2150E333-8FDC-42A3-9474-1A3956D46DE8}") = "src", "src", "{8E8E8DD9-0547-4E5E-AC68-F84FACE8C492}"
EndProject
Project("{9A19103F-16F7-4668-BE54-9A1E7A4F7556}") = "NcnnDotNet", "src\NcnnDotNet\NcnnDotNet.csproj", "{6E3D0A4F-B08E-4BD1-8BCD-085F1D594F43}"
EndProject
Project("{9A19103F-16F7-4668-BE54-9A1E7A4F7556}") = "SqueezeNet", "examples\SqueezeNet\SqueezeNet.csproj", "{BAE42720-E205-463E-A635-FAB44FFD367F}"
EndProject
Project("{9A19103F-16F7-4668-BE54-9A1E7A4F7556}") = "YoloV3", "examples\YoloV3\YoloV3.csproj", "{3A07F9A8-6401-4D60-ABE5-BC5906156694}"
EndProject
Project("{9A19103F-16F7-4668-BE54-9A1E7A4F7556}") = "YoloV2", "examples\YoloV2\YoloV2.csproj", "{EE342E83-027B-4676-97C7-1830D4F48688}"
EndProject
Project("{9A19103F-16F7-4668-BE54-9A1E7A4F7556}") = "SqueezeNetSSD", "examples\SqueezeNetSSD\SqueezeNetSSD.csproj", "{0F3A0C94-9858-43DF-A295-ED388786B172}"
EndProject
Project("{9A19103F-16F7-4668-BE54-9A1E7A4F7556}") = "MobileNetSSD", "examples\MobileNetSSD\MobileNetSSD.csproj", "{5B482AC6-EA89-4D56-9822-ABC0AC480799}"
EndProject
Project("{9A19103F-16F7-4668-BE54-9A1E7A4F7556}") = "MobileNetV2SSDLite", "examples\MobileNetV2SSDLite\MobileNetV2SSDLite.csproj", "{D0646ED3-95A2-4434-A135-A63CF5BF117E}"
EndProject
Project("{9A19103F-16F7-4668-BE54-9A1E7A4F7556}") = "MobileNetV3SSDLite", "examples\MobileNetV3SSDLite\MobileNetV3SSDLite.csproj", "{0307BB5E-363E-4655-95D2-0C8AEDE0AF56}"
EndProject
Project("{9A19103F-16F7-4668-BE54-9A1E7A4F7556}") = "FasterRCNN", "examples\FasterRCNN\FasterRCNN.csproj", "{56B863D8-3352-4BE6-93E8-8036971EFACF}"
EndProject
Project("{9A19103F-16F7-4668-BE54-9A1E7A4F7556}") = "RFCN", "examples\RFCN\RFCN.csproj", "{F9A00AEC-6230-4FF4-BE0A-CA0433743730}"
EndProject
Project("{9A19103F-16F7-4668-BE54-9A1E7A4F7556}") = "ShuffleNetV2", "examples\ShuffleNetV2\ShuffleNetV2.csproj", "{ED188B38-0F9F-41C7-8BAC-B53AE8638F64}"
EndProject
Project("{9A19103F-16F7-4668-BE54-9A1E7A4F7556}") = "PeleeNetSSDSeg", "examples\PeleeNetSSDSeg\PeleeNetSSDSeg.csproj", "{147B2EDD-930D-4372-9E74-A5FB99E5E411}"
EndProject
Project("{9A19103F-16F7-4668-BE54-9A1E7A4F7556}") = "SimplePose", "examples\SimplePose\SimplePose.csproj", "{25075AD1-5D78-45AA-8502-0C78FDF73A20}"
EndProject
Project("{9A19103F-16F7-4668-BE54-9A1E7A4F7556}") = "RetinaFace", "examples\RetinaFace\RetinaFace.csproj", "{C70DFDAA-B1BB-4728-96A2-5326B1198412}"
EndProject
Project("{2150E333-8FDC-42A3-9474-1A3956D46DE8}") = "benchmark", "benchmark", "{B09A5974-B6B4-495B-8B41-B9C4D59530CB}"
EndProject
Project("{9A19103F-16F7-4668-BE54-9A1E7A4F7556}") = "BenchCNN", "benchmark\BenchCNN\BenchCNN.csproj", "{5A4D0FA6-3046-476A-8529-7DBBCD059BD7}"
EndProject
Project("{2150E333-8FDC-42A3-9474-1A3956D46DE8}") = "tests", "tests", "{43124B0A-942F-479D-B5AF-B928D6FD59D7}"
EndProject
Project("{9A19103F-16F7-4668-BE54-9A1E7A4F7556}") = "TestReLU", "tests\tests\TestReLU\TestReLU.csproj", "{4C23E9B3-4DD7-4077-8BF8-744BAF51DF76}"
EndProject
Project("{9A19103F-16F7-4668-BE54-9A1E7A4F7556}") = "TestUtil", "tests\tests\TestUtil\TestUtil.csproj", "{853EAAA4-0539-4BA2-AC5E-34BC7BE2F8D7}"
EndProject
Project("{9A19103F-16F7-4668-BE54-9A1E7A4F7556}") = "TestConvolution", "tests\tests\TestConvolution\TestConvolution.csproj", "{F208FF08-2F9C-41A5-A29A-B08DD0F07770}"
EndProject
Project("{9A19103F-16F7-4668-BE54-9A1E7A4F7556}") = "TestConvolutionDepthWise", "tests\tests\TestConvolutionDepthWise\TestConvolutionDepthWise.csproj", "{4602F343-51A2-4D5A-9EFC-30B21ACD0D29}"
EndProject
Project("{9A19103F-16F7-4668-BE54-9A1E7A4F7556}") = "TestDeconvolution", "tests\tests\TestDeconvolution\TestDeconvolution.csproj", "{516226CF-57D7-4797-8DC0-74C9832E685C}"
EndProject
Project("{9A19103F-16F7-4668-BE54-9A1E7A4F7556}") = "TestDeconvolutionDepthWise", "tests\tests\TestDeconvolutionDepthWise\TestDeconvolutionDepthWise.csproj", "{942FB51E-24DD-43FE-964C-8A72DB573DD3}"
EndProject
Project("{FAE04EC0-301F-11D3-BF4B-00C04F79EFBC}") = "NcnnDotNet.Tests", "tests\NcnnDotNet.Tests\NcnnDotNet.Tests.csproj", "{26CC3A91-3ADE-4EB7-A55F-61BD8E9A98A2}"
EndProject
Global
	GlobalSection(SolutionConfigurationPlatforms) = preSolution
		Debug|Any CPU = Debug|Any CPU
		Release|Any CPU = Release|Any CPU
	EndGlobalSection
	GlobalSection(ProjectConfigurationPlatforms) = postSolution
		{6E3D0A4F-B08E-4BD1-8BCD-085F1D594F43}.Debug|Any CPU.ActiveCfg = Debug|Any CPU
		{6E3D0A4F-B08E-4BD1-8BCD-085F1D594F43}.Debug|Any CPU.Build.0 = Debug|Any CPU
		{6E3D0A4F-B08E-4BD1-8BCD-085F1D594F43}.Release|Any CPU.ActiveCfg = Release|Any CPU
		{6E3D0A4F-B08E-4BD1-8BCD-085F1D594F43}.Release|Any CPU.Build.0 = Release|Any CPU
		{BAE42720-E205-463E-A635-FAB44FFD367F}.Debug|Any CPU.ActiveCfg = Debug|Any CPU
		{BAE42720-E205-463E-A635-FAB44FFD367F}.Debug|Any CPU.Build.0 = Debug|Any CPU
		{BAE42720-E205-463E-A635-FAB44FFD367F}.Release|Any CPU.ActiveCfg = Release|Any CPU
		{BAE42720-E205-463E-A635-FAB44FFD367F}.Release|Any CPU.Build.0 = Release|Any CPU
		{3A07F9A8-6401-4D60-ABE5-BC5906156694}.Debug|Any CPU.ActiveCfg = Debug|Any CPU
		{3A07F9A8-6401-4D60-ABE5-BC5906156694}.Debug|Any CPU.Build.0 = Debug|Any CPU
		{3A07F9A8-6401-4D60-ABE5-BC5906156694}.Release|Any CPU.ActiveCfg = Release|Any CPU
		{3A07F9A8-6401-4D60-ABE5-BC5906156694}.Release|Any CPU.Build.0 = Release|Any CPU
		{EE342E83-027B-4676-97C7-1830D4F48688}.Debug|Any CPU.ActiveCfg = Debug|Any CPU
		{EE342E83-027B-4676-97C7-1830D4F48688}.Debug|Any CPU.Build.0 = Debug|Any CPU
		{EE342E83-027B-4676-97C7-1830D4F48688}.Release|Any CPU.ActiveCfg = Release|Any CPU
		{EE342E83-027B-4676-97C7-1830D4F48688}.Release|Any CPU.Build.0 = Release|Any CPU
		{0F3A0C94-9858-43DF-A295-ED388786B172}.Debug|Any CPU.ActiveCfg = Debug|Any CPU
		{0F3A0C94-9858-43DF-A295-ED388786B172}.Debug|Any CPU.Build.0 = Debug|Any CPU
		{0F3A0C94-9858-43DF-A295-ED388786B172}.Release|Any CPU.ActiveCfg = Release|Any CPU
		{0F3A0C94-9858-43DF-A295-ED388786B172}.Release|Any CPU.Build.0 = Release|Any CPU
		{5B482AC6-EA89-4D56-9822-ABC0AC480799}.Debug|Any CPU.ActiveCfg = Debug|Any CPU
		{5B482AC6-EA89-4D56-9822-ABC0AC480799}.Debug|Any CPU.Build.0 = Debug|Any CPU
		{5B482AC6-EA89-4D56-9822-ABC0AC480799}.Release|Any CPU.ActiveCfg = Release|Any CPU
		{5B482AC6-EA89-4D56-9822-ABC0AC480799}.Release|Any CPU.Build.0 = Release|Any CPU
		{D0646ED3-95A2-4434-A135-A63CF5BF117E}.Debug|Any CPU.ActiveCfg = Debug|Any CPU
		{D0646ED3-95A2-4434-A135-A63CF5BF117E}.Debug|Any CPU.Build.0 = Debug|Any CPU
		{D0646ED3-95A2-4434-A135-A63CF5BF117E}.Release|Any CPU.ActiveCfg = Release|Any CPU
		{D0646ED3-95A2-4434-A135-A63CF5BF117E}.Release|Any CPU.Build.0 = Release|Any CPU
		{0307BB5E-363E-4655-95D2-0C8AEDE0AF56}.Debug|Any CPU.ActiveCfg = Debug|Any CPU
		{0307BB5E-363E-4655-95D2-0C8AEDE0AF56}.Debug|Any CPU.Build.0 = Debug|Any CPU
		{0307BB5E-363E-4655-95D2-0C8AEDE0AF56}.Release|Any CPU.ActiveCfg = Release|Any CPU
		{0307BB5E-363E-4655-95D2-0C8AEDE0AF56}.Release|Any CPU.Build.0 = Release|Any CPU
		{56B863D8-3352-4BE6-93E8-8036971EFACF}.Debug|Any CPU.ActiveCfg = Debug|Any CPU
		{56B863D8-3352-4BE6-93E8-8036971EFACF}.Debug|Any CPU.Build.0 = Debug|Any CPU
		{56B863D8-3352-4BE6-93E8-8036971EFACF}.Release|Any CPU.ActiveCfg = Release|Any CPU
		{56B863D8-3352-4BE6-93E8-8036971EFACF}.Release|Any CPU.Build.0 = Release|Any CPU
		{F9A00AEC-6230-4FF4-BE0A-CA0433743730}.Debug|Any CPU.ActiveCfg = Debug|Any CPU
		{F9A00AEC-6230-4FF4-BE0A-CA0433743730}.Debug|Any CPU.Build.0 = Debug|Any CPU
		{F9A00AEC-6230-4FF4-BE0A-CA0433743730}.Release|Any CPU.ActiveCfg = Release|Any CPU
		{F9A00AEC-6230-4FF4-BE0A-CA0433743730}.Release|Any CPU.Build.0 = Release|Any CPU
		{ED188B38-0F9F-41C7-8BAC-B53AE8638F64}.Debug|Any CPU.ActiveCfg = Debug|Any CPU
		{ED188B38-0F9F-41C7-8BAC-B53AE8638F64}.Debug|Any CPU.Build.0 = Debug|Any CPU
		{ED188B38-0F9F-41C7-8BAC-B53AE8638F64}.Release|Any CPU.ActiveCfg = Release|Any CPU
		{ED188B38-0F9F-41C7-8BAC-B53AE8638F64}.Release|Any CPU.Build.0 = Release|Any CPU
		{147B2EDD-930D-4372-9E74-A5FB99E5E411}.Debug|Any CPU.ActiveCfg = Debug|Any CPU
		{147B2EDD-930D-4372-9E74-A5FB99E5E411}.Debug|Any CPU.Build.0 = Debug|Any CPU
		{147B2EDD-930D-4372-9E74-A5FB99E5E411}.Release|Any CPU.ActiveCfg = Release|Any CPU
		{147B2EDD-930D-4372-9E74-A5FB99E5E411}.Release|Any CPU.Build.0 = Release|Any CPU
		{25075AD1-5D78-45AA-8502-0C78FDF73A20}.Debug|Any CPU.ActiveCfg = Debug|Any CPU
		{25075AD1-5D78-45AA-8502-0C78FDF73A20}.Debug|Any CPU.Build.0 = Debug|Any CPU
		{25075AD1-5D78-45AA-8502-0C78FDF73A20}.Release|Any CPU.ActiveCfg = Release|Any CPU
		{25075AD1-5D78-45AA-8502-0C78FDF73A20}.Release|Any CPU.Build.0 = Release|Any CPU
		{C70DFDAA-B1BB-4728-96A2-5326B1198412}.Debug|Any CPU.ActiveCfg = Debug|Any CPU
		{C70DFDAA-B1BB-4728-96A2-5326B1198412}.Debug|Any CPU.Build.0 = Debug|Any CPU
		{C70DFDAA-B1BB-4728-96A2-5326B1198412}.Release|Any CPU.ActiveCfg = Release|Any CPU
		{C70DFDAA-B1BB-4728-96A2-5326B1198412}.Release|Any CPU.Build.0 = Release|Any CPU
		{5A4D0FA6-3046-476A-8529-7DBBCD059BD7}.Debug|Any CPU.ActiveCfg = Debug|Any CPU
		{5A4D0FA6-3046-476A-8529-7DBBCD059BD7}.Debug|Any CPU.Build.0 = Debug|Any CPU
		{5A4D0FA6-3046-476A-8529-7DBBCD059BD7}.Release|Any CPU.ActiveCfg = Release|Any CPU
		{5A4D0FA6-3046-476A-8529-7DBBCD059BD7}.Release|Any CPU.Build.0 = Release|Any CPU
		{4C23E9B3-4DD7-4077-8BF8-744BAF51DF76}.Debug|Any CPU.ActiveCfg = Debug|Any CPU
		{4C23E9B3-4DD7-4077-8BF8-744BAF51DF76}.Debug|Any CPU.Build.0 = Debug|Any CPU
		{4C23E9B3-4DD7-4077-8BF8-744BAF51DF76}.Release|Any CPU.ActiveCfg = Release|Any CPU
		{4C23E9B3-4DD7-4077-8BF8-744BAF51DF76}.Release|Any CPU.Build.0 = Release|Any CPU
		{853EAAA4-0539-4BA2-AC5E-34BC7BE2F8D7}.Debug|Any CPU.ActiveCfg = Debug|Any CPU
		{853EAAA4-0539-4BA2-AC5E-34BC7BE2F8D7}.Debug|Any CPU.Build.0 = Debug|Any CPU
		{853EAAA4-0539-4BA2-AC5E-34BC7BE2F8D7}.Release|Any CPU.ActiveCfg = Release|Any CPU
		{853EAAA4-0539-4BA2-AC5E-34BC7BE2F8D7}.Release|Any CPU.Build.0 = Release|Any CPU
		{F208FF08-2F9C-41A5-A29A-B08DD0F07770}.Debug|Any CPU.ActiveCfg = Debug|Any CPU
		{F208FF08-2F9C-41A5-A29A-B08DD0F07770}.Debug|Any CPU.Build.0 = Debug|Any CPU
		{F208FF08-2F9C-41A5-A29A-B08DD0F07770}.Release|Any CPU.ActiveCfg = Release|Any CPU
		{F208FF08-2F9C-41A5-A29A-B08DD0F07770}.Release|Any CPU.Build.0 = Release|Any CPU
		{4602F343-51A2-4D5A-9EFC-30B21ACD0D29}.Debug|Any CPU.ActiveCfg = Debug|Any CPU
		{4602F343-51A2-4D5A-9EFC-30B21ACD0D29}.Debug|Any CPU.Build.0 = Debug|Any CPU
		{4602F343-51A2-4D5A-9EFC-30B21ACD0D29}.Release|Any CPU.ActiveCfg = Release|Any CPU
		{4602F343-51A2-4D5A-9EFC-30B21ACD0D29}.Release|Any CPU.Build.0 = Release|Any CPU
		{516226CF-57D7-4797-8DC0-74C9832E685C}.Debug|Any CPU.ActiveCfg = Debug|Any CPU
		{516226CF-57D7-4797-8DC0-74C9832E685C}.Debug|Any CPU.Build.0 = Debug|Any CPU
		{516226CF-57D7-4797-8DC0-74C9832E685C}.Release|Any CPU.ActiveCfg = Release|Any CPU
		{516226CF-57D7-4797-8DC0-74C9832E685C}.Release|Any CPU.Build.0 = Release|Any CPU
		{942FB51E-24DD-43FE-964C-8A72DB573DD3}.Debug|Any CPU.ActiveCfg = Debug|Any CPU
		{942FB51E-24DD-43FE-964C-8A72DB573DD3}.Debug|Any CPU.Build.0 = Debug|Any CPU
		{942FB51E-24DD-43FE-964C-8A72DB573DD3}.Release|Any CPU.ActiveCfg = Release|Any CPU
		{942FB51E-24DD-43FE-964C-8A72DB573DD3}.Release|Any CPU.Build.0 = Release|Any CPU
		{26CC3A91-3ADE-4EB7-A55F-61BD8E9A98A2}.Debug|Any CPU.ActiveCfg = Debug|Any CPU
		{26CC3A91-3ADE-4EB7-A55F-61BD8E9A98A2}.Debug|Any CPU.Build.0 = Debug|Any CPU
		{26CC3A91-3ADE-4EB7-A55F-61BD8E9A98A2}.Release|Any CPU.ActiveCfg = Release|Any CPU
		{26CC3A91-3ADE-4EB7-A55F-61BD8E9A98A2}.Release|Any CPU.Build.0 = Release|Any CPU
	EndGlobalSection
	GlobalSection(SolutionProperties) = preSolution
		HideSolutionNode = FALSE
	EndGlobalSection
	GlobalSection(NestedProjects) = preSolution
		{6E3D0A4F-B08E-4BD1-8BCD-085F1D594F43} = {8E8E8DD9-0547-4E5E-AC68-F84FACE8C492}
		{BAE42720-E205-463E-A635-FAB44FFD367F} = {65E02C5F-4C5C-4444-AC3C-63CBBE76C4B5}
		{3A07F9A8-6401-4D60-ABE5-BC5906156694} = {65E02C5F-4C5C-4444-AC3C-63CBBE76C4B5}
		{EE342E83-027B-4676-97C7-1830D4F48688} = {65E02C5F-4C5C-4444-AC3C-63CBBE76C4B5}
		{0F3A0C94-9858-43DF-A295-ED388786B172} = {65E02C5F-4C5C-4444-AC3C-63CBBE76C4B5}
		{5B482AC6-EA89-4D56-9822-ABC0AC480799} = {65E02C5F-4C5C-4444-AC3C-63CBBE76C4B5}
		{D0646ED3-95A2-4434-A135-A63CF5BF117E} = {65E02C5F-4C5C-4444-AC3C-63CBBE76C4B5}
		{0307BB5E-363E-4655-95D2-0C8AEDE0AF56} = {65E02C5F-4C5C-4444-AC3C-63CBBE76C4B5}
		{56B863D8-3352-4BE6-93E8-8036971EFACF} = {65E02C5F-4C5C-4444-AC3C-63CBBE76C4B5}
		{F9A00AEC-6230-4FF4-BE0A-CA0433743730} = {65E02C5F-4C5C-4444-AC3C-63CBBE76C4B5}
		{ED188B38-0F9F-41C7-8BAC-B53AE8638F64} = {65E02C5F-4C5C-4444-AC3C-63CBBE76C4B5}
		{147B2EDD-930D-4372-9E74-A5FB99E5E411} = {65E02C5F-4C5C-4444-AC3C-63CBBE76C4B5}
		{25075AD1-5D78-45AA-8502-0C78FDF73A20} = {65E02C5F-4C5C-4444-AC3C-63CBBE76C4B5}
		{C70DFDAA-B1BB-4728-96A2-5326B1198412} = {65E02C5F-4C5C-4444-AC3C-63CBBE76C4B5}
		{5A4D0FA6-3046-476A-8529-7DBBCD059BD7} = {B09A5974-B6B4-495B-8B41-B9C4D59530CB}
		{4C23E9B3-4DD7-4077-8BF8-744BAF51DF76} = {43124B0A-942F-479D-B5AF-B928D6FD59D7}
		{853EAAA4-0539-4BA2-AC5E-34BC7BE2F8D7} = {43124B0A-942F-479D-B5AF-B928D6FD59D7}
		{F208FF08-2F9C-41A5-A29A-B08DD0F07770} = {43124B0A-942F-479D-B5AF-B928D6FD59D7}
		{4602F343-51A2-4D5A-9EFC-30B21ACD0D29} = {43124B0A-942F-479D-B5AF-B928D6FD59D7}
		{516226CF-57D7-4797-8DC0-74C9832E685C} = {43124B0A-942F-479D-B5AF-B928D6FD59D7}
		{942FB51E-24DD-43FE-964C-8A72DB573DD3} = {43124B0A-942F-479D-B5AF-B928D6FD59D7}
		{26CC3A91-3ADE-4EB7-A55F-61BD8E9A98A2} = {43124B0A-942F-479D-B5AF-B928D6FD59D7}
	EndGlobalSection
	GlobalSection(ExtensibilityGlobals) = postSolution
		SolutionGuid = {C7789377-10BC-434A-87CC-8001AE7F93C6}
	EndGlobalSection
EndGlobal
