
Microsoft Visual Studio Solution File, Format Version 12.00
# Visual Studio Version 16
VisualStudioVersion = 16.0.31025.194
MinimumVisualStudioVersion = 10.0.40219.1
Project("{FAE04EC0-301F-11D3-BF4B-00C04F79EFBC}") = "YoloV3", "YoloV3\YoloV3.csproj", "{AEB1A63D-E454-45BB-8DB2-72B0E7D1063A}"
EndProject
Project("{FAE04EC0-301F-11D3-BF4B-00C04F79EFBC}") = "YoloV3.Android", "YoloV3.Android\YoloV3.Android.csproj", "{DCE233AF-79F2-4E1D-BE71-1A9B29089759}"
EndProject
Project("{FAE04EC0-301F-11D3-BF4B-00C04F79EFBC}") = "YoloV3.iOS", "YoloV3.iOS\YoloV3.iOS.csproj", "{5409CB47-C400-492D-A0A6-D9C524E2FB89}"
EndProject
Project("{FAE04EC0-301F-11D3-BF4B-00C04F79EFBC}") = "YoloV3.UWP", "YoloV3.UWP\YoloV3.UWP.csproj", "{E185F0C5-8F0C-4727-93F0-4D825FCD1832}"
EndProject
Global
	GlobalSection(SolutionConfigurationPlatforms) = preSolution
		Ad-Hoc|Any CPU = Ad-Hoc|Any CPU
		Ad-Hoc|ARM = Ad-Hoc|ARM
		Ad-Hoc|iPhone = Ad-Hoc|iPhone
		Ad-Hoc|iPhoneSimulator = Ad-Hoc|iPhoneSimulator
		Ad-Hoc|x64 = Ad-Hoc|x64
		Ad-Hoc|x86 = Ad-Hoc|x86
		AppStore|Any CPU = AppStore|Any CPU
		AppStore|ARM = AppStore|ARM
		AppStore|iPhone = AppStore|iPhone
		AppStore|iPhoneSimulator = AppStore|iPhoneSimulator
		AppStore|x64 = AppStore|x64
		AppStore|x86 = AppStore|x86
		Debug|Any CPU = Debug|Any CPU
		Debug|ARM = Debug|ARM
		Debug|iPhone = Debug|iPhone
		Debug|iPhoneSimulator = Debug|iPhoneSimulator
		Debug|x64 = Debug|x64
		Debug|x86 = Debug|x86
		Release|Any CPU = Release|Any CPU
		Release|ARM = Release|ARM
		Release|iPhone = Release|iPhone
		Release|iPhoneSimulator = Release|iPhoneSimulator
		Release|x64 = Release|x64
		Release|x86 = Release|x86
	EndGlobalSection
	GlobalSection(ProjectConfigurationPlatforms) = postSolution
		{AEB1A63D-E454-45BB-8DB2-72B0E7D1063A}.Ad-Hoc|Any CPU.ActiveCfg = Debug|Any CPU
		{AEB1A63D-E454-45BB-8DB2-72B0E7D1063A}.Ad-Hoc|Any CPU.Build.0 = Debug|Any CPU
		{AEB1A63D-E454-45BB-8DB2-72B0E7D1063A}.Ad-Hoc|ARM.ActiveCfg = Debug|Any CPU
		{AEB1A63D-E454-45BB-8DB2-72B0E7D1063A}.Ad-Hoc|ARM.Build.0 = Debug|Any CPU
		{AEB1A63D-E454-45BB-8DB2-72B0E7D1063A}.Ad-Hoc|iPhone.ActiveCfg = Debug|Any CPU
		{AEB1A63D-E454-45BB-8DB2-72B0E7D1063A}.Ad-Hoc|iPhone.Build.0 = Debug|Any CPU
		{AEB1A63D-E454-45BB-8DB2-72B0E7D1063A}.Ad-Hoc|iPhoneSimulator.ActiveCfg = Debug|Any CPU
		{AEB1A63D-E454-45BB-8DB2-72B0E7D1063A}.Ad-Hoc|iPhoneSimulator.Build.0 = Debug|Any CPU
		{AEB1A63D-E454-45BB-8DB2-72B0E7D1063A}.Ad-Hoc|x64.ActiveCfg = Debug|Any CPU
		{AEB1A63D-E454-45BB-8DB2-72B0E7D1063A}.Ad-Hoc|x64.Build.0 = Debug|Any CPU
		{AEB1A63D-E454-45BB-8DB2-72B0E7D1063A}.Ad-Hoc|x86.ActiveCfg = Debug|Any CPU
		{AEB1A63D-E454-45BB-8DB2-72B0E7D1063A}.Ad-Hoc|x86.Build.0 = Debug|Any CPU
		{AEB1A63D-E454-45BB-8DB2-72B0E7D1063A}.AppStore|Any CPU.ActiveCfg = Debug|Any CPU
		{AEB1A63D-E454-45BB-8DB2-72B0E7D1063A}.AppStore|Any CPU.Build.0 = Debug|Any CPU
		{AEB1A63D-E454-45BB-8DB2-72B0E7D1063A}.AppStore|ARM.ActiveCfg = Debug|Any CPU
		{AEB1A63D-E454-45BB-8DB2-72B0E7D1063A}.AppStore|ARM.Build.0 = Debug|Any CPU
		{AEB1A63D-E454-45BB-8DB2-72B0E7D1063A}.AppStore|iPhone.ActiveCfg = Debug|Any CPU
		{AEB1A63D-E454-45BB-8DB2-72B0E7D1063A}.AppStore|iPhone.Build.0 = Debug|Any CPU
		{AEB1A63D-E454-45BB-8DB2-72B0E7D1063A}.AppStore|iPhoneSimulator.ActiveCfg = Debug|Any CPU
		{AEB1A63D-E454-45BB-8DB2-72B0E7D1063A}.AppStore|iPhoneSimulator.Build.0 = Debug|Any CPU
		{AEB1A63D-E454-45BB-8DB2-72B0E7D1063A}.AppStore|x64.ActiveCfg = Debug|Any CPU
		{AEB1A63D-E454-45BB-8DB2-72B0E7D1063A}.AppStore|x64.Build.0 = Debug|Any CPU
		{AEB1A63D-E454-45BB-8DB2-72B0E7D1063A}.AppStore|x86.ActiveCfg = Debug|Any CPU
		{AEB1A63D-E454-45BB-8DB2-72B0E7D1063A}.AppStore|x86.Build.0 = Debug|Any CPU
		{AEB1A63D-E454-45BB-8DB2-72B0E7D1063A}.Debug|Any CPU.ActiveCfg = Debug|Any CPU
		{AEB1A63D-E454-45BB-8DB2-72B0E7D1063A}.Debug|Any CPU.Build.0 = Debug|Any CPU
		{AEB1A63D-E454-45BB-8DB2-72B0E7D1063A}.Debug|ARM.ActiveCfg = Debug|Any CPU
		{AEB1A63D-E454-45BB-8DB2-72B0E7D1063A}.Debug|ARM.Build.0 = Debug|Any CPU
		{AEB1A63D-E454-45BB-8DB2-72B0E7D1063A}.Debug|iPhone.ActiveCfg = Debug|Any CPU
		{AEB1A63D-E454-45BB-8DB2-72B0E7D1063A}.Debug|iPhone.Build.0 = Debug|Any CPU
		{AEB1A63D-E454-45BB-8DB2-72B0E7D1063A}.Debug|iPhoneSimulator.ActiveCfg = Debug|Any CPU
		{AEB1A63D-E454-45BB-8DB2-72B0E7D1063A}.Debug|iPhoneSimulator.Build.0 = Debug|Any CPU
		{AEB1A63D-E454-45BB-8DB2-72B0E7D1063A}.Debug|x64.ActiveCfg = Debug|Any CPU
		{AEB1A63D-E454-45BB-8DB2-72B0E7D1063A}.Debug|x64.Build.0 = Debug|Any CPU
		{AEB1A63D-E454-45BB-8DB2-72B0E7D1063A}.Debug|x86.ActiveCfg = Debug|Any CPU
		{AEB1A63D-E454-45BB-8DB2-72B0E7D1063A}.Debug|x86.Build.0 = Debug|Any CPU
		{AEB1A63D-E454-45BB-8DB2-72B0E7D1063A}.Release|Any CPU.ActiveCfg = Release|Any CPU
		{AEB1A63D-E454-45BB-8DB2-72B0E7D1063A}.Release|Any CPU.Build.0 = Release|Any CPU
		{AEB1A63D-E454-45BB-8DB2-72B0E7D1063A}.Release|ARM.ActiveCfg = Release|Any CPU
		{AEB1A63D-E454-45BB-8DB2-72B0E7D1063A}.Release|ARM.Build.0 = Release|Any CPU
		{AEB1A63D-E454-45BB-8DB2-72B0E7D1063A}.Release|iPhone.ActiveCfg = Release|Any CPU
		{AEB1A63D-E454-45BB-8DB2-72B0E7D1063A}.Release|iPhone.Build.0 = Release|Any CPU
		{AEB1A63D-E454-45BB-8DB2-72B0E7D1063A}.Release|iPhoneSimulator.ActiveCfg = Release|Any CPU
		{AEB1A63D-E454-45BB-8DB2-72B0E7D1063A}.Release|iPhoneSimulator.Build.0 = Release|Any CPU
		{AEB1A63D-E454-45BB-8DB2-72B0E7D1063A}.Release|x64.ActiveCfg = Release|Any CPU
		{AEB1A63D-E454-45BB-8DB2-72B0E7D1063A}.Release|x64.Build.0 = Release|Any CPU
		{AEB1A63D-E454-45BB-8DB2-72B0E7D1063A}.Release|x86.ActiveCfg = Release|Any CPU
		{AEB1A63D-E454-45BB-8DB2-72B0E7D1063A}.Release|x86.Build.0 = Release|Any CPU
		{DCE233AF-79F2-4E1D-BE71-1A9B29089759}.Ad-Hoc|Any CPU.ActiveCfg = Debug|Any CPU
		{DCE233AF-79F2-4E1D-BE71-1A9B29089759}.Ad-Hoc|Any CPU.Build.0 = Debug|Any CPU
		{DCE233AF-79F2-4E1D-BE71-1A9B29089759}.Ad-Hoc|Any CPU.Deploy.0 = Debug|Any CPU
		{DCE233AF-79F2-4E1D-BE71-1A9B29089759}.Ad-Hoc|ARM.ActiveCfg = Debug|Any CPU
		{DCE233AF-79F2-4E1D-BE71-1A9B29089759}.Ad-Hoc|ARM.Build.0 = Debug|Any CPU
		{DCE233AF-79F2-4E1D-BE71-1A9B29089759}.Ad-Hoc|ARM.Deploy.0 = Debug|Any CPU
		{DCE233AF-79F2-4E1D-BE71-1A9B29089759}.Ad-Hoc|iPhone.ActiveCfg = Debug|Any CPU
		{DCE233AF-79F2-4E1D-BE71-1A9B29089759}.Ad-Hoc|iPhone.Build.0 = Debug|Any CPU
		{DCE233AF-79F2-4E1D-BE71-1A9B29089759}.Ad-Hoc|iPhone.Deploy.0 = Debug|Any CPU
		{DCE233AF-79F2-4E1D-BE71-1A9B29089759}.Ad-Hoc|iPhoneSimulator.ActiveCfg = Debug|Any CPU
		{DCE233AF-79F2-4E1D-BE71-1A9B29089759}.Ad-Hoc|iPhoneSimulator.Build.0 = Debug|Any CPU
		{DCE233AF-79F2-4E1D-BE71-1A9B29089759}.Ad-Hoc|iPhoneSimulator.Deploy.0 = Debug|Any CPU
		{DCE233AF-79F2-4E1D-BE71-1A9B29089759}.Ad-Hoc|x64.ActiveCfg = Debug|Any CPU
		{DCE233AF-79F2-4E1D-BE71-1A9B29089759}.Ad-Hoc|x64.Build.0 = Debug|Any CPU
		{DCE233AF-79F2-4E1D-BE71-1A9B29089759}.Ad-Hoc|x64.Deploy.0 = Debug|Any CPU
		{DCE233AF-79F2-4E1D-BE71-1A9B29089759}.Ad-Hoc|x86.ActiveCfg = Debug|Any CPU
		{DCE233AF-79F2-4E1D-BE71-1A9B29089759}.Ad-Hoc|x86.Build.0 = Debug|Any CPU
		{DCE233AF-79F2-4E1D-BE71-1A9B29089759}.Ad-Hoc|x86.Deploy.0 = Debug|Any CPU
		{DCE233AF-79F2-4E1D-BE71-1A9B29089759}.AppStore|Any CPU.ActiveCfg = Debug|Any CPU
		{DCE233AF-79F2-4E1D-BE71-1A9B29089759}.AppStore|Any CPU.Build.0 = Debug|Any CPU
		{DCE233AF-79F2-4E1D-BE71-1A9B29089759}.AppStore|Any CPU.Deploy.0 = Debug|Any CPU
		{DCE233AF-79F2-4E1D-BE71-1A9B29089759}.AppStore|ARM.ActiveCfg = Debug|Any CPU
		{DCE233AF-79F2-4E1D-BE71-1A9B29089759}.AppStore|ARM.Build.0 = Debug|Any CPU
		{DCE233AF-79F2-4E1D-BE71-1A9B29089759}.AppStore|ARM.Deploy.0 = Debug|Any CPU
		{DCE233AF-79F2-4E1D-BE71-1A9B29089759}.AppStore|iPhone.ActiveCfg = Debug|Any CPU
		{DCE233AF-79F2-4E1D-BE71-1A9B29089759}.AppStore|iPhone.Build.0 = Debug|Any CPU
		{DCE233AF-79F2-4E1D-BE71-1A9B29089759}.AppStore|iPhone.Deploy.0 = Debug|Any CPU
		{DCE233AF-79F2-4E1D-BE71-1A9B29089759}.AppStore|iPhoneSimulator.ActiveCfg = Debug|Any CPU
		{DCE233AF-79F2-4E1D-BE71-1A9B29089759}.AppStore|iPhoneSimulator.Build.0 = Debug|Any CPU
		{DCE233AF-79F2-4E1D-BE71-1A9B29089759}.AppStore|iPhoneSimulator.Deploy.0 = Debug|Any CPU
		{DCE233AF-79F2-4E1D-BE71-1A9B29089759}.AppStore|x64.ActiveCfg = Debug|Any CPU
		{DCE233AF-79F2-4E1D-BE71-1A9B29089759}.AppStore|x64.Build.0 = Debug|Any CPU
		{DCE233AF-79F2-4E1D-BE71-1A9B29089759}.AppStore|x64.Deploy.0 = Debug|Any CPU
		{DCE233AF-79F2-4E1D-BE71-1A9B29089759}.AppStore|x86.ActiveCfg = Debug|Any CPU
		{DCE233AF-79F2-4E1D-BE71-1A9B29089759}.AppStore|x86.Build.0 = Debug|Any CPU
		{DCE233AF-79F2-4E1D-BE71-1A9B29089759}.AppStore|x86.Deploy.0 = Debug|Any CPU
		{DCE233AF-79F2-4E1D-BE71-1A9B29089759}.Debug|Any CPU.ActiveCfg = Debug|Any CPU
		{DCE233AF-79F2-4E1D-BE71-1A9B29089759}.Debug|Any CPU.Build.0 = Debug|Any CPU
		{DCE233AF-79F2-4E1D-BE71-1A9B29089759}.Debug|Any CPU.Deploy.0 = Debug|Any CPU
		{DCE233AF-79F2-4E1D-BE71-1A9B29089759}.Debug|ARM.ActiveCfg = Debug|Any CPU
		{DCE233AF-79F2-4E1D-BE71-1A9B29089759}.Debug|ARM.Build.0 = Debug|Any CPU
		{DCE233AF-79F2-4E1D-BE71-1A9B29089759}.Debug|ARM.Deploy.0 = Debug|Any CPU
		{DCE233AF-79F2-4E1D-BE71-1A9B29089759}.Debug|iPhone.ActiveCfg = Debug|Any CPU
		{DCE233AF-79F2-4E1D-BE71-1A9B29089759}.Debug|iPhone.Build.0 = Debug|Any CPU
		{DCE233AF-79F2-4E1D-BE71-1A9B29089759}.Debug|iPhone.Deploy.0 = Debug|Any CPU
		{DCE233AF-79F2-4E1D-BE71-1A9B29089759}.Debug|iPhoneSimulator.ActiveCfg = Debug|Any CPU
		{DCE233AF-79F2-4E1D-BE71-1A9B29089759}.Debug|iPhoneSimulator.Build.0 = Debug|Any CPU
		{DCE233AF-79F2-4E1D-BE71-1A9B29089759}.Debug|iPhoneSimulator.Deploy.0 = Debug|Any CPU
		{DCE233AF-79F2-4E1D-BE71-1A9B29089759}.Debug|x64.ActiveCfg = Debug|Any CPU
		{DCE233AF-79F2-4E1D-BE71-1A9B29089759}.Debug|x64.Build.0 = Debug|Any CPU
		{DCE233AF-79F2-4E1D-BE71-1A9B29089759}.Debug|x64.Deploy.0 = Debug|Any CPU
		{DCE233AF-79F2-4E1D-BE71-1A9B29089759}.Debug|x86.ActiveCfg = Debug|Any CPU
		{DCE233AF-79F2-4E1D-BE71-1A9B29089759}.Debug|x86.Build.0 = Debug|Any CPU
		{DCE233AF-79F2-4E1D-BE71-1A9B29089759}.Debug|x86.Deploy.0 = Debug|Any CPU
		{DCE233AF-79F2-4E1D-BE71-1A9B29089759}.Release|Any CPU.ActiveCfg = Release|Any CPU
		{DCE233AF-79F2-4E1D-BE71-1A9B29089759}.Release|Any CPU.Build.0 = Release|Any CPU
		{DCE233AF-79F2-4E1D-BE71-1A9B29089759}.Release|Any CPU.Deploy.0 = Release|Any CPU
		{DCE233AF-79F2-4E1D-BE71-1A9B29089759}.Release|ARM.ActiveCfg = Release|Any CPU
		{DCE233AF-79F2-4E1D-BE71-1A9B29089759}.Release|ARM.Build.0 = Release|Any CPU
		{DCE233AF-79F2-4E1D-BE71-1A9B29089759}.Release|ARM.Deploy.0 = Release|Any CPU
		{DCE233AF-79F2-4E1D-BE71-1A9B29089759}.Release|iPhone.ActiveCfg = Release|Any CPU
		{DCE233AF-79F2-4E1D-BE71-1A9B29089759}.Release|iPhone.Build.0 = Release|Any CPU
		{DCE233AF-79F2-4E1D-BE71-1A9B29089759}.Release|iPhone.Deploy.0 = Release|Any CPU
		{DCE233AF-79F2-4E1D-BE71-1A9B29089759}.Release|iPhoneSimulator.ActiveCfg = Release|Any CPU
		{DCE233AF-79F2-4E1D-BE71-1A9B29089759}.Release|iPhoneSimulator.Build.0 = Release|Any CPU
		{DCE233AF-79F2-4E1D-BE71-1A9B29089759}.Release|iPhoneSimulator.Deploy.0 = Release|Any CPU
		{DCE233AF-79F2-4E1D-BE71-1A9B29089759}.Release|x64.ActiveCfg = Release|Any CPU
		{DCE233AF-79F2-4E1D-BE71-1A9B29089759}.Release|x64.Build.0 = Release|Any CPU
		{DCE233AF-79F2-4E1D-BE71-1A9B29089759}.Release|x64.Deploy.0 = Release|Any CPU
		{DCE233AF-79F2-4E1D-BE71-1A9B29089759}.Release|x86.ActiveCfg = Release|Any CPU
		{DCE233AF-79F2-4E1D-BE71-1A9B29089759}.Release|x86.Build.0 = Release|Any CPU
		{DCE233AF-79F2-4E1D-BE71-1A9B29089759}.Release|x86.Deploy.0 = Release|Any CPU
		{5409CB47-C400-492D-A0A6-D9C524E2FB89}.Ad-Hoc|Any CPU.ActiveCfg = Ad-Hoc|iPhoneSimulator
		{5409CB47-C400-492D-A0A6-D9C524E2FB89}.Ad-Hoc|ARM.ActiveCfg = Ad-Hoc|iPhoneSimulator
		{5409CB47-C400-492D-A0A6-D9C524E2FB89}.Ad-Hoc|iPhone.ActiveCfg = Ad-Hoc|iPhone
		{5409CB47-C400-492D-A0A6-D9C524E2FB89}.Ad-Hoc|iPhone.Build.0 = Ad-Hoc|iPhone
		{5409CB47-C400-492D-A0A6-D9C524E2FB89}.Ad-Hoc|iPhoneSimulator.ActiveCfg = Ad-Hoc|iPhoneSimulator
		{5409CB47-C400-492D-A0A6-D9C524E2FB89}.Ad-Hoc|iPhoneSimulator.Build.0 = Ad-Hoc|iPhoneSimulator
		{5409CB47-C400-492D-A0A6-D9C524E2FB89}.Ad-Hoc|x64.ActiveCfg = Ad-Hoc|iPhoneSimulator
		{5409CB47-C400-492D-A0A6-D9C524E2FB89}.Ad-Hoc|x86.ActiveCfg = Ad-Hoc|iPhoneSimulator
		{5409CB47-C400-492D-A0A6-D9C524E2FB89}.AppStore|Any CPU.ActiveCfg = AppStore|iPhoneSimulator
		{5409CB47-C400-492D-A0A6-D9C524E2FB89}.AppStore|ARM.ActiveCfg = AppStore|iPhoneSimulator
		{5409CB47-C400-492D-A0A6-D9C524E2FB89}.AppStore|iPhone.ActiveCfg = AppStore|iPhone
		{5409CB47-C400-492D-A0A6-D9C524E2FB89}.AppStore|iPhone.Build.0 = AppStore|iPhone
		{5409CB47-C400-492D-A0A6-D9C524E2FB89}.AppStore|iPhoneSimulator.ActiveCfg = AppStore|iPhoneSimulator
		{5409CB47-C400-492D-A0A6-D9C524E2FB89}.AppStore|iPhoneSimulator.Build.0 = AppStore|iPhoneSimulator
		{5409CB47-C400-492D-A0A6-D9C524E2FB89}.AppStore|x64.ActiveCfg = AppStore|iPhoneSimulator
		{5409CB47-C400-492D-A0A6-D9C524E2FB89}.AppStore|x86.ActiveCfg = AppStore|iPhoneSimulator
		{5409CB47-C400-492D-A0A6-D9C524E2FB89}.Debug|Any CPU.ActiveCfg = Debug|iPhoneSimulator
		{5409CB47-C400-492D-A0A6-D9C524E2FB89}.Debug|ARM.ActiveCfg = Debug|iPhoneSimulator
		{5409CB47-C400-492D-A0A6-D9C524E2FB89}.Debug|iPhone.ActiveCfg = Debug|iPhone
		{5409CB47-C400-492D-A0A6-D9C524E2FB89}.Debug|iPhone.Build.0 = Debug|iPhone
		{5409CB47-C400-492D-A0A6-D9C524E2FB89}.Debug|iPhoneSimulator.ActiveCfg = Debug|iPhoneSimulator
		{5409CB47-C400-492D-A0A6-D9C524E2FB89}.Debug|iPhoneSimulator.Build.0 = Debug|iPhoneSimulator
		{5409CB47-C400-492D-A0A6-D9C524E2FB89}.Debug|x64.ActiveCfg = Debug|iPhoneSimulator
		{5409CB47-C400-492D-A0A6-D9C524E2FB89}.Debug|x86.ActiveCfg = Debug|iPhoneSimulator
		{5409CB47-C400-492D-A0A6-D9C524E2FB89}.Release|Any CPU.ActiveCfg = Release|iPhoneSimulator
		{5409CB47-C400-492D-A0A6-D9C524E2FB89}.Release|ARM.ActiveCfg = Release|iPhoneSimulator
		{5409CB47-C400-492D-A0A6-D9C524E2FB89}.Release|iPhone.ActiveCfg = Release|iPhone
		{5409CB47-C400-492D-A0A6-D9C524E2FB89}.Release|iPhone.Build.0 = Release|iPhone
		{5409CB47-C400-492D-A0A6-D9C524E2FB89}.Release|iPhoneSimulator.ActiveCfg = Release|iPhoneSimulator
		{5409CB47-C400-492D-A0A6-D9C524E2FB89}.Release|iPhoneSimulator.Build.0 = Release|iPhoneSimulator
		{5409CB47-C400-492D-A0A6-D9C524E2FB89}.Release|x64.ActiveCfg = Release|iPhoneSimulator
		{5409CB47-C400-492D-A0A6-D9C524E2FB89}.Release|x86.ActiveCfg = Release|iPhoneSimulator
		{E185F0C5-8F0C-4727-93F0-4D825FCD1832}.Ad-Hoc|Any CPU.ActiveCfg = Debug|ARM
		{E185F0C5-8F0C-4727-93F0-4D825FCD1832}.Ad-Hoc|Any CPU.Build.0 = Debug|ARM
		{E185F0C5-8F0C-4727-93F0-4D825FCD1832}.Ad-Hoc|Any CPU.Deploy.0 = Debug|ARM
		{E185F0C5-8F0C-4727-93F0-4D825FCD1832}.Ad-Hoc|ARM.ActiveCfg = Debug|ARM
		{E185F0C5-8F0C-4727-93F0-4D825FCD1832}.Ad-Hoc|ARM.Build.0 = Debug|ARM
		{E185F0C5-8F0C-4727-93F0-4D825FCD1832}.Ad-Hoc|ARM.Deploy.0 = Debug|ARM
		{E185F0C5-8F0C-4727-93F0-4D825FCD1832}.Ad-Hoc|iPhone.ActiveCfg = Debug|ARM
		{E185F0C5-8F0C-4727-93F0-4D825FCD1832}.Ad-Hoc|iPhone.Build.0 = Debug|ARM
		{E185F0C5-8F0C-4727-93F0-4D825FCD1832}.Ad-Hoc|iPhone.Deploy.0 = Debug|ARM
		{E185F0C5-8F0C-4727-93F0-4D825FCD1832}.Ad-Hoc|iPhoneSimulator.ActiveCfg = Debug|ARM
		{E185F0C5-8F0C-4727-93F0-4D825FCD1832}.Ad-Hoc|iPhoneSimulator.Build.0 = Debug|ARM
		{E185F0C5-8F0C-4727-93F0-4D825FCD1832}.Ad-Hoc|iPhoneSimulator.Deploy.0 = Debug|ARM
		{E185F0C5-8F0C-4727-93F0-4D825FCD1832}.Ad-Hoc|x64.ActiveCfg = Debug|x64
		{E185F0C5-8F0C-4727-93F0-4D825FCD1832}.Ad-Hoc|x64.Build.0 = Debug|x64
		{E185F0C5-8F0C-4727-93F0-4D825FCD1832}.Ad-Hoc|x64.Deploy.0 = Debug|x64
		{E185F0C5-8F0C-4727-93F0-4D825FCD1832}.Ad-Hoc|x86.ActiveCfg = Debug|x86
		{E185F0C5-8F0C-4727-93F0-4D825FCD1832}.Ad-Hoc|x86.Build.0 = Debug|x86
		{E185F0C5-8F0C-4727-93F0-4D825FCD1832}.Ad-Hoc|x86.Deploy.0 = Debug|x86
		{E185F0C5-8F0C-4727-93F0-4D825FCD1832}.AppStore|Any CPU.ActiveCfg = Debug|ARM
		{E185F0C5-8F0C-4727-93F0-4D825FCD1832}.AppStore|Any CPU.Build.0 = Debug|ARM
		{E185F0C5-8F0C-4727-93F0-4D825FCD1832}.AppStore|Any CPU.Deploy.0 = Debug|ARM
		{E185F0C5-8F0C-4727-93F0-4D825FCD1832}.AppStore|ARM.ActiveCfg = Debug|ARM
		{E185F0C5-8F0C-4727-93F0-4D825FCD1832}.AppStore|ARM.Build.0 = Debug|ARM
		{E185F0C5-8F0C-4727-93F0-4D825FCD1832}.AppStore|ARM.Deploy.0 = Debug|ARM
		{E185F0C5-8F0C-4727-93F0-4D825FCD1832}.AppStore|iPhone.ActiveCfg = Debug|ARM
		{E185F0C5-8F0C-4727-93F0-4D825FCD1832}.AppStore|iPhone.Build.0 = Debug|ARM
		{E185F0C5-8F0C-4727-93F0-4D825FCD1832}.AppStore|iPhone.Deploy.0 = Debug|ARM
		{E185F0C5-8F0C-4727-93F0-4D825FCD1832}.AppStore|iPhoneSimulator.ActiveCfg = Debug|ARM
		{E185F0C5-8F0C-4727-93F0-4D825FCD1832}.AppStore|iPhoneSimulator.Build.0 = Debug|ARM
		{E185F0C5-8F0C-4727-93F0-4D825FCD1832}.AppStore|iPhoneSimulator.Deploy.0 = Debug|ARM
		{E185F0C5-8F0C-4727-93F0-4D825FCD1832}.AppStore|x64.ActiveCfg = Debug|x64
		{E185F0C5-8F0C-4727-93F0-4D825FCD1832}.AppStore|x64.Build.0 = Debug|x64
		{E185F0C5-8F0C-4727-93F0-4D825FCD1832}.AppStore|x64.Deploy.0 = Debug|x64
		{E185F0C5-8F0C-4727-93F0-4D825FCD1832}.AppStore|x86.ActiveCfg = Debug|x86
		{E185F0C5-8F0C-4727-93F0-4D825FCD1832}.AppStore|x86.Build.0 = Debug|x86
		{E185F0C5-8F0C-4727-93F0-4D825FCD1832}.AppStore|x86.Deploy.0 = Debug|x86
		{E185F0C5-8F0C-4727-93F0-4D825FCD1832}.Debug|Any CPU.ActiveCfg = Debug|x86
		{E185F0C5-8F0C-4727-93F0-4D825FCD1832}.Debug|ARM.ActiveCfg = Debug|ARM
		{E185F0C5-8F0C-4727-93F0-4D825FCD1832}.Debug|ARM.Build.0 = Debug|ARM
		{E185F0C5-8F0C-4727-93F0-4D825FCD1832}.Debug|ARM.Deploy.0 = Debug|ARM
		{E185F0C5-8F0C-4727-93F0-4D825FCD1832}.Debug|iPhone.ActiveCfg = Debug|x86
		{E185F0C5-8F0C-4727-93F0-4D825FCD1832}.Debug|iPhoneSimulator.ActiveCfg = Debug|x86
		{E185F0C5-8F0C-4727-93F0-4D825FCD1832}.Debug|x64.ActiveCfg = Debug|x64
		{E185F0C5-8F0C-4727-93F0-4D825FCD1832}.Debug|x64.Build.0 = Debug|x64
		{E185F0C5-8F0C-4727-93F0-4D825FCD1832}.Debug|x64.Deploy.0 = Debug|x64
		{E185F0C5-8F0C-4727-93F0-4D825FCD1832}.Debug|x86.ActiveCfg = Debug|x86
		{E185F0C5-8F0C-4727-93F0-4D825FCD1832}.Debug|x86.Build.0 = Debug|x86
		{E185F0C5-8F0C-4727-93F0-4D825FCD1832}.Debug|x86.Deploy.0 = Debug|x86
		{E185F0C5-8F0C-4727-93F0-4D825FCD1832}.Release|Any CPU.ActiveCfg = Release|x86
		{E185F0C5-8F0C-4727-93F0-4D825FCD1832}.Release|ARM.ActiveCfg = Release|ARM
		{E185F0C5-8F0C-4727-93F0-4D825FCD1832}.Release|ARM.Build.0 = Release|ARM
		{E185F0C5-8F0C-4727-93F0-4D825FCD1832}.Release|ARM.Deploy.0 = Release|ARM
		{E185F0C5-8F0C-4727-93F0-4D825FCD1832}.Release|iPhone.ActiveCfg = Release|x86
		{E185F0C5-8F0C-4727-93F0-4D825FCD1832}.Release|iPhoneSimulator.ActiveCfg = Release|x86
		{E185F0C5-8F0C-4727-93F0-4D825FCD1832}.Release|x64.ActiveCfg = Release|x64
		{E185F0C5-8F0C-4727-93F0-4D825FCD1832}.Release|x64.Build.0 = Release|x64
		{E185F0C5-8F0C-4727-93F0-4D825FCD1832}.Release|x64.Deploy.0 = Release|x64
		{E185F0C5-8F0C-4727-93F0-4D825FCD1832}.Release|x86.ActiveCfg = Release|x86
		{E185F0C5-8F0C-4727-93F0-4D825FCD1832}.Release|x86.Build.0 = Release|x86
		{E185F0C5-8F0C-4727-93F0-4D825FCD1832}.Release|x86.Deploy.0 = Release|x86
	EndGlobalSection
	GlobalSection(SolutionProperties) = preSolution
		HideSolutionNode = FALSE
	EndGlobalSection
	GlobalSection(ExtensibilityGlobals) = postSolution
		SolutionGuid = {7155098F-55CA-445B-A60D-AB599678A33C}
	EndGlobalSection
EndGlobal
